
Microsoft Visual Studio Solution File, Format Version 12.00
# Visual Studio Version 17
VisualStudioVersion = 17.10.34818.151
MinimumVisualStudioVersion = 10.0.40219.1
Project("{FAE04EC0-301F-11D3-BF4B-00C04F79EFBC}") = "CascadeDropDownDemo", "CascadeDropDownDemo\CascadeDropDownDemo.csproj", "{6FAB0ECD-3C31-408F-8C95-9F12FF534CCF}"
EndProject
Global
	GlobalSection(SolutionConfigurationPlatforms) = preSolution
		Debug|Any CPU = Debug|Any CPU
		Release|Any CPU = Release|Any CPU
	EndGlobalSection
	GlobalSection(ProjectConfigurationPlatforms) = postSolution
		{6FAB0ECD-3C31-408F-8C95-9F12FF534CCF}.Debug|Any CPU.ActiveCfg = Debug|Any CPU
		{6FAB0ECD-3C31-408F-8C95-9F12FF534CCF}.Debug|Any CPU.Build.0 = Debug|Any CPU
		{6FAB0ECD-3C31-408F-8C95-9F12FF534CCF}.Release|Any CPU.ActiveCfg = Release|Any CPU
		{6FAB0ECD-3C31-408F-8C95-9F12FF534CCF}.Release|Any CPU.Build.0 = Release|Any CPU
	EndGlobalSection
	GlobalSection(SolutionProperties) = preSolution
		HideSolutionNode = FALSE
	EndGlobalSection
	GlobalSection(ExtensibilityGlobals) = postSolution
		SolutionGuid = {B2F63EAE-2574-4033-B47F-E36A6DFC7691}
	EndGlobalSection
EndGlobal
